
Microsoft Visual Studio Solution File, Format Version 12.00
# Visual Studio 2013
VisualStudioVersion = 12.0.30723.0
MinimumVisualStudioVersion = 10.0.40219.1
Project("{FAE04EC0-301F-11D3-BF4B-00C04F79EFBC}") = "Poster.Web", "Poster.Web\Poster.Web.csproj", "{807E90CD-8BFF-4819-AAC0-AF5A8C8EB717}"
EndProject
Project("{FAE04EC0-301F-11D3-BF4B-00C04F79EFBC}") = "Poster.Tests", "Poster.Web.Tests\Poster.Tests.csproj", "{043A3D18-779C-474D-A8E7-7DA00F8316E5}"
EndProject
Project("{FAE04EC0-301F-11D3-BF4B-00C04F79EFBC}") = "Poster.Data", "Poster.Data\Poster.Data.csproj", "{C803CFDE-B83B-4E45-B52E-060809EED73E}"
EndProject
Project("{2150E333-8FDC-42A3-9474-1A3956D46DE8}") = "POC", "POC", "{0B8CFA53-40BE-42D9-8621-EEA4F746B767}"
EndProject
Project("{FAE04EC0-301F-11D3-BF4B-00C04F79EFBC}") = "Poster.POC", "Poster.POC\Poster.POC.csproj", "{7C2C77E2-3558-4B5B-8B40-F1635A40EBCF}"
EndProject
Project("{FAE04EC0-301F-11D3-BF4B-00C04F79EFBC}") = "Poster.POC.Web", "Poster.POC.Web\Poster.POC.Web.csproj", "{A91615D1-F519-4C67-98D6-B5F20E557252}"
EndProject
Project("{FAE04EC0-301F-11D3-BF4B-00C04F79EFBC}") = "gplus-quickstart-csharp", "gplus-quickstart-csharp-master\gplus-quickstart-csharp.csproj", "{52DA800C-5A00-4908-B4D6-4422F31B65A8}"
EndProject
Global
	GlobalSection(SolutionConfigurationPlatforms) = preSolution
		Debug|Any CPU = Debug|Any CPU
		Release|Any CPU = Release|Any CPU
	EndGlobalSection
	GlobalSection(ProjectConfigurationPlatforms) = postSolution
		{807E90CD-8BFF-4819-AAC0-AF5A8C8EB717}.Debug|Any CPU.ActiveCfg = Debug|Any CPU
		{807E90CD-8BFF-4819-AAC0-AF5A8C8EB717}.Debug|Any CPU.Build.0 = Debug|Any CPU
		{807E90CD-8BFF-4819-AAC0-AF5A8C8EB717}.Release|Any CPU.ActiveCfg = Release|Any CPU
		{807E90CD-8BFF-4819-AAC0-AF5A8C8EB717}.Release|Any CPU.Build.0 = Release|Any CPU
		{043A3D18-779C-474D-A8E7-7DA00F8316E5}.Debug|Any CPU.ActiveCfg = Debug|Any CPU
		{043A3D18-779C-474D-A8E7-7DA00F8316E5}.Debug|Any CPU.Build.0 = Debug|Any CPU
		{043A3D18-779C-474D-A8E7-7DA00F8316E5}.Release|Any CPU.ActiveCfg = Release|Any CPU
		{043A3D18-779C-474D-A8E7-7DA00F8316E5}.Release|Any CPU.Build.0 = Release|Any CPU
		{C803CFDE-B83B-4E45-B52E-060809EED73E}.Debug|Any CPU.ActiveCfg = Debug|Any CPU
		{C803CFDE-B83B-4E45-B52E-060809EED73E}.Debug|Any CPU.Build.0 = Debug|Any CPU
		{C803CFDE-B83B-4E45-B52E-060809EED73E}.Release|Any CPU.ActiveCfg = Release|Any CPU
		{C803CFDE-B83B-4E45-B52E-060809EED73E}.Release|Any CPU.Build.0 = Release|Any CPU
		{7C2C77E2-3558-4B5B-8B40-F1635A40EBCF}.Debug|Any CPU.ActiveCfg = Debug|Any CPU
		{7C2C77E2-3558-4B5B-8B40-F1635A40EBCF}.Debug|Any CPU.Build.0 = Debug|Any CPU
		{7C2C77E2-3558-4B5B-8B40-F1635A40EBCF}.Release|Any CPU.ActiveCfg = Release|Any CPU
		{7C2C77E2-3558-4B5B-8B40-F1635A40EBCF}.Release|Any CPU.Build.0 = Release|Any CPU
		{A91615D1-F519-4C67-98D6-B5F20E557252}.Debug|Any CPU.ActiveCfg = Debug|Any CPU
		{A91615D1-F519-4C67-98D6-B5F20E557252}.Debug|Any CPU.Build.0 = Debug|Any CPU
		{A91615D1-F519-4C67-98D6-B5F20E557252}.Release|Any CPU.ActiveCfg = Release|Any CPU
		{A91615D1-F519-4C67-98D6-B5F20E557252}.Release|Any CPU.Build.0 = Release|Any CPU
		{52DA800C-5A00-4908-B4D6-4422F31B65A8}.Debug|Any CPU.ActiveCfg = Debug|Any CPU
		{52DA800C-5A00-4908-B4D6-4422F31B65A8}.Debug|Any CPU.Build.0 = Debug|Any CPU
		{52DA800C-5A00-4908-B4D6-4422F31B65A8}.Release|Any CPU.ActiveCfg = Release|Any CPU
		{52DA800C-5A00-4908-B4D6-4422F31B65A8}.Release|Any CPU.Build.0 = Release|Any CPU
	EndGlobalSection
	GlobalSection(SolutionProperties) = preSolution
		HideSolutionNode = FALSE
	EndGlobalSection
	GlobalSection(NestedProjects) = preSolution
		{7C2C77E2-3558-4B5B-8B40-F1635A40EBCF} = {0B8CFA53-40BE-42D9-8621-EEA4F746B767}
		{A91615D1-F519-4C67-98D6-B5F20E557252} = {0B8CFA53-40BE-42D9-8621-EEA4F746B767}
		{52DA800C-5A00-4908-B4D6-4422F31B65A8} = {0B8CFA53-40BE-42D9-8621-EEA4F746B767}
	EndGlobalSection
EndGlobal
